{
    "_readme": [
        "This file locks the dependencies of your project to a known state",
        "Read more about it at https://getcomposer.org/doc/01-basic-usage.md#composer-lock-the-lock-file",
        "This file is @generated automatically"
    ],
    "hash": "e9cfc96b0d38e2a51e36bff76c8dbdc2",
    "content-hash": "9f2badb0231b58e13a7ec4221f218b71",
    "packages": [
        {
            "name": "lumeng/lumeng-php-utils",
            "version": "0.0.1",
            "source": {
                "type": "git",
                "url": "https://github.com/zhengb302/LumengPHP-Utils.git",
                "reference": "fbbc285d95ebd8e334f6ebe118692c16c14a8f41"
            },
            "dist": {
                "type": "zip",
                "url": "https://api.github.com/repos/zhengb302/LumengPHP-Utils/zipball/fbbc285d95ebd8e334f6ebe118692c16c14a8f41",
                "reference": "fbbc285d95ebd8e334f6ebe118692c16c14a8f41",
                "shasum": ""
            },
            "type": "library",
            "autoload": {
                "psr-4": {
                    "LumengPHP\\": "src/LumengPHP/"
                }
            },
            "notification-url": "https://packagist.org/downloads/",
            "license": [
                "Apache License 2.0"
            ],
            "authors": [
                {
                    "name": "Lumeng",
                    "email": "908235332@qq.com",
                    "homepage": "https://github.com/zhengb302/",
                    "role": "Developer"
                }
            ],
            "description": "A tool library for PHP.",
            "homepage": "https://github.com/zhengb302/LumengPHP-Utils",
            "keywords": [
                "library",
                "tool library"
            ],
            "time": "2016-02-24 09:36:50"
        }
    ],
    "packages-dev": [],
    "aliases": [],
    "minimum-stability": "stable",
    "stability-flags": [],
    "prefer-stable": false,
    "prefer-lowest": false,
    "platform": [],
    "platform-dev": []
}
